
Microsoft Visual Studio Solution File, Format Version 12.00
# Visual Studio Version 17
VisualStudioVersion = 17.0.31903.59
MinimumVisualStudioVersion = 10.0.40219.1
Project("{FAE04EC0-301F-11D3-BF4B-00C04F79EFBC}") = "auktionAPI", "auktionAPI\auktionAPI.csproj", "{BEE80418-73FA-40A8-9DDF-ED1EF9B820F5}"
EndProject
Project("{FAE04EC0-301F-11D3-BF4B-00C04F79EFBC}") = "auktion-service-test", "auktion-service-test\auktion-service-test.csproj", "{B0E5FF36-99EA-47E3-BE27-BE653457B3CF}"
EndProject
Global
	GlobalSection(SolutionConfigurationPlatforms) = preSolution
		Debug|Any CPU = Debug|Any CPU
		Release|Any CPU = Release|Any CPU
	EndGlobalSection
	GlobalSection(SolutionProperties) = preSolution
		HideSolutionNode = FALSE
	EndGlobalSection
	GlobalSection(ProjectConfigurationPlatforms) = postSolution
		{BEE80418-73FA-40A8-9DDF-ED1EF9B820F5}.Debug|Any CPU.ActiveCfg = Debug|Any CPU
		{BEE80418-73FA-40A8-9DDF-ED1EF9B820F5}.Debug|Any CPU.Build.0 = Debug|Any CPU
		{BEE80418-73FA-40A8-9DDF-ED1EF9B820F5}.Release|Any CPU.ActiveCfg = Release|Any CPU
		{BEE80418-73FA-40A8-9DDF-ED1EF9B820F5}.Release|Any CPU.Build.0 = Release|Any CPU
		{B0E5FF36-99EA-47E3-BE27-BE653457B3CF}.Debug|Any CPU.ActiveCfg = Debug|Any CPU
		{B0E5FF36-99EA-47E3-BE27-BE653457B3CF}.Debug|Any CPU.Build.0 = Debug|Any CPU
		{B0E5FF36-99EA-47E3-BE27-BE653457B3CF}.Release|Any CPU.ActiveCfg = Release|Any CPU
		{B0E5FF36-99EA-47E3-BE27-BE653457B3CF}.Release|Any CPU.Build.0 = Release|Any CPU
	EndGlobalSection
EndGlobal
